{
  "name": "@emasoft/svg-matrix",
  "version": "1.0.18",
  "lockfileVersion": 3,
  "requires": true,
  "packages": {
    "": {
      "name": "@emasoft/svg-matrix",
      "version": "1.0.18",
      "hasInstallScript": true,
      "license": "MIT",
      "dependencies": {
        "decimal.js": "^10.6.0"
      },
      "bin": {
        "svg-matrix": "bin/svg-matrix.js"
      },
      "engines": {
        "node": ">=24.0.0"
      },
      "peerDependencies": {
        "playwright": "^1.57.0"
      },
      "peerDependenciesMeta": {
        "playwright": {
          "optional": true
        }
      }
    },
    "node_modules/decimal.js": {
      "version": "10.6.0",
      "resolved": "https://registry.npmjs.org/decimal.js/-/decimal.js-10.6.0.tgz",
      "integrity": "sha512-YpgQiITW3JXGntzdUmyUR1V812Hn8T1YVXhCu+wO3OpS4eU9l4YdD3qjyiKdV6mvV29zapkMeD390UVEf2lkUg==",
      "license": "MIT"
    }
  }
}
